
Microsoft Visual Studio Solution File, Format Version 12.00
# Visual Studio 15
VisualStudioVersion = 15.0.28307.271
MinimumVisualStudioVersion = 10.0.40219.1
Project("{9A19103F-16F7-4668-BE54-9A1E7A4F7556}") = "recipe.api", "recipe.api\recipe.api.csproj", "{8D1178AB-B1DC-41D5-B30F-E533338B3903}"
EndProject
Project("{9A19103F-16F7-4668-BE54-9A1E7A4F7556}") = "recipe.business", "recipe.business\recipe.business.csproj", "{C8C68D33-19D8-4153-B5F8-C9D8360033BD}"
EndProject
Project("{FAE04EC0-301F-11D3-BF4B-00C04F79EFBC}") = "recipe.data", "recipe.data\recipe.data.csproj", "{78D62392-44AE-4C36-98CC-B8BD301750E7}"
EndProject
Global
	GlobalSection(SolutionConfigurationPlatforms) = preSolution
		Debug|Any CPU = Debug|Any CPU
		Release|Any CPU = Release|Any CPU
	EndGlobalSection
	GlobalSection(ProjectConfigurationPlatforms) = postSolution
		{8D1178AB-B1DC-41D5-B30F-E533338B3903}.Debug|Any CPU.ActiveCfg = Debug|Any CPU
		{8D1178AB-B1DC-41D5-B30F-E533338B3903}.Debug|Any CPU.Build.0 = Debug|Any CPU
		{8D1178AB-B1DC-41D5-B30F-E533338B3903}.Release|Any CPU.ActiveCfg = Release|Any CPU
		{8D1178AB-B1DC-41D5-B30F-E533338B3903}.Release|Any CPU.Build.0 = Release|Any CPU
		{C8C68D33-19D8-4153-B5F8-C9D8360033BD}.Debug|Any CPU.ActiveCfg = Debug|Any CPU
		{C8C68D33-19D8-4153-B5F8-C9D8360033BD}.Debug|Any CPU.Build.0 = Debug|Any CPU
		{C8C68D33-19D8-4153-B5F8-C9D8360033BD}.Release|Any CPU.ActiveCfg = Release|Any CPU
		{C8C68D33-19D8-4153-B5F8-C9D8360033BD}.Release|Any CPU.Build.0 = Release|Any CPU
		{78D62392-44AE-4C36-98CC-B8BD301750E7}.Debug|Any CPU.ActiveCfg = Debug|Any CPU
		{78D62392-44AE-4C36-98CC-B8BD301750E7}.Debug|Any CPU.Build.0 = Debug|Any CPU
		{78D62392-44AE-4C36-98CC-B8BD301750E7}.Release|Any CPU.ActiveCfg = Release|Any CPU
		{78D62392-44AE-4C36-98CC-B8BD301750E7}.Release|Any CPU.Build.0 = Release|Any CPU
	EndGlobalSection
	GlobalSection(SolutionProperties) = preSolution
		HideSolutionNode = FALSE
	EndGlobalSection
	GlobalSection(ExtensibilityGlobals) = postSolution
		SolutionGuid = {EC3CA818-EF78-46BD-98AE-914F19D46F27}
	EndGlobalSection
EndGlobal
